
Microsoft Visual Studio Solution File, Format Version 12.00
# Visual Studio Version 17
VisualStudioVersion = 17.7.33711.374
MinimumVisualStudioVersion = 10.0.40219.1
Project("{9A19103F-16F7-4668-BE54-9A1E7A4F7556}") = "Launcher", "Launcher\Launcher.csproj", "{0F3D607F-4A03-4A3C-BE79-77AE4EDEE22F}"
EndProject
Project("{8BC9CEB8-8B4A-11D0-8D11-00A0C91BC942}") = "Engine", "Engine\Engine.vcxproj", "{20255AED-67F1-4402-8D17-6FD9C4CD5536}"
EndProject
Project("{8BC9CEB8-8B4A-11D0-8D11-00A0C91BC942}") = "EngineTest", "EngineTest\EngineTest.vcxproj", "{94B8D0F4-95DC-4800-8C8A-904A4F8F97C0}"
	ProjectSection(ProjectDependencies) = postProject
		{20255AED-67F1-4402-8D17-6FD9C4CD5536} = {20255AED-67F1-4402-8D17-6FD9C4CD5536}
	EndProjectSection
EndProject
Project("{8BC9CEB8-8B4A-11D0-8D11-00A0C91BC942}") = "Editor", "Editor\Editor.vcxproj", "{26A6AA71-9CF0-4E3B-BEDD-54A33E01FF7B}"
EndProject
Project("{8BC9CEB8-8B4A-11D0-8D11-00A0C91BC942}") = "GameProjectExample", "GameProjectExample\GameProjectExample.vcxproj", "{2B0F4984-9797-4348-AFB0-891D35CC600B}"
	ProjectSection(ProjectDependencies) = postProject
		{20255AED-67F1-4402-8D17-6FD9C4CD5536} = {20255AED-67F1-4402-8D17-6FD9C4CD5536}
	EndProjectSection
EndProject
Global
	GlobalSection(SolutionConfigurationPlatforms) = preSolution
		Debug|x64 = Debug|x64
		Debug|x86 = Debug|x86
		DebugEditor|x64 = DebugEditor|x64
		DebugEditor|x86 = DebugEditor|x86
		Release|x64 = Release|x64
		Release|x86 = Release|x86
		ReleaseEditor|x64 = ReleaseEditor|x64
		ReleaseEditor|x86 = ReleaseEditor|x86
	EndGlobalSection
	GlobalSection(ProjectConfigurationPlatforms) = postSolution
		{0F3D607F-4A03-4A3C-BE79-77AE4EDEE22F}.Debug|x64.ActiveCfg = Debug|x64
		{0F3D607F-4A03-4A3C-BE79-77AE4EDEE22F}.Debug|x64.Build.0 = Debug|x64
		{0F3D607F-4A03-4A3C-BE79-77AE4EDEE22F}.Debug|x86.ActiveCfg = Debug|x64
		{0F3D607F-4A03-4A3C-BE79-77AE4EDEE22F}.Debug|x86.Build.0 = Debug|x64
		{0F3D607F-4A03-4A3C-BE79-77AE4EDEE22F}.DebugEditor|x64.ActiveCfg = DebugEditor|x64
		{0F3D607F-4A03-4A3C-BE79-77AE4EDEE22F}.DebugEditor|x64.Build.0 = DebugEditor|x64
		{0F3D607F-4A03-4A3C-BE79-77AE4EDEE22F}.DebugEditor|x86.ActiveCfg = DebugEditor|x64
		{0F3D607F-4A03-4A3C-BE79-77AE4EDEE22F}.DebugEditor|x86.Build.0 = DebugEditor|x64
		{0F3D607F-4A03-4A3C-BE79-77AE4EDEE22F}.Release|x64.ActiveCfg = Release|x64
		{0F3D607F-4A03-4A3C-BE79-77AE4EDEE22F}.Release|x64.Build.0 = Release|x64
		{0F3D607F-4A03-4A3C-BE79-77AE4EDEE22F}.Release|x86.ActiveCfg = Release|x64
		{0F3D607F-4A03-4A3C-BE79-77AE4EDEE22F}.Release|x86.Build.0 = Release|x64
		{0F3D607F-4A03-4A3C-BE79-77AE4EDEE22F}.ReleaseEditor|x64.ActiveCfg = ReleaseEditor|x64
		{0F3D607F-4A03-4A3C-BE79-77AE4EDEE22F}.ReleaseEditor|x64.Build.0 = ReleaseEditor|x64
		{0F3D607F-4A03-4A3C-BE79-77AE4EDEE22F}.ReleaseEditor|x86.ActiveCfg = ReleaseEditor|x64
		{0F3D607F-4A03-4A3C-BE79-77AE4EDEE22F}.ReleaseEditor|x86.Build.0 = ReleaseEditor|x64
		{20255AED-67F1-4402-8D17-6FD9C4CD5536}.Debug|x64.ActiveCfg = Debug|x64
		{20255AED-67F1-4402-8D17-6FD9C4CD5536}.Debug|x64.Build.0 = Debug|x64
		{20255AED-67F1-4402-8D17-6FD9C4CD5536}.Debug|x86.ActiveCfg = Debug|x64
		{20255AED-67F1-4402-8D17-6FD9C4CD5536}.Debug|x86.Build.0 = Debug|x64
		{20255AED-67F1-4402-8D17-6FD9C4CD5536}.DebugEditor|x64.ActiveCfg = DebugEditor|x64
		{20255AED-67F1-4402-8D17-6FD9C4CD5536}.DebugEditor|x64.Build.0 = DebugEditor|x64
		{20255AED-67F1-4402-8D17-6FD9C4CD5536}.DebugEditor|x86.ActiveCfg = DebugEditor|x64
		{20255AED-67F1-4402-8D17-6FD9C4CD5536}.DebugEditor|x86.Build.0 = DebugEditor|x64
		{20255AED-67F1-4402-8D17-6FD9C4CD5536}.Release|x64.ActiveCfg = Release|x64
		{20255AED-67F1-4402-8D17-6FD9C4CD5536}.Release|x64.Build.0 = Release|x64
		{20255AED-67F1-4402-8D17-6FD9C4CD5536}.Release|x86.ActiveCfg = Release|x64
		{20255AED-67F1-4402-8D17-6FD9C4CD5536}.Release|x86.Build.0 = Release|x64
		{20255AED-67F1-4402-8D17-6FD9C4CD5536}.ReleaseEditor|x64.ActiveCfg = ReleaseEditor|x64
		{20255AED-67F1-4402-8D17-6FD9C4CD5536}.ReleaseEditor|x64.Build.0 = ReleaseEditor|x64
		{20255AED-67F1-4402-8D17-6FD9C4CD5536}.ReleaseEditor|x86.ActiveCfg = ReleaseEditor|x64
		{20255AED-67F1-4402-8D17-6FD9C4CD5536}.ReleaseEditor|x86.Build.0 = ReleaseEditor|x64
		{94B8D0F4-95DC-4800-8C8A-904A4F8F97C0}.Debug|x64.ActiveCfg = Debug|x64
		{94B8D0F4-95DC-4800-8C8A-904A4F8F97C0}.Debug|x64.Build.0 = Debug|x64
		{94B8D0F4-95DC-4800-8C8A-904A4F8F97C0}.Debug|x86.ActiveCfg = Debug|x64
		{94B8D0F4-95DC-4800-8C8A-904A4F8F97C0}.Debug|x86.Build.0 = Debug|x64
		{94B8D0F4-95DC-4800-8C8A-904A4F8F97C0}.DebugEditor|x64.ActiveCfg = DebugEditor|x64
		{94B8D0F4-95DC-4800-8C8A-904A4F8F97C0}.DebugEditor|x64.Build.0 = DebugEditor|x64
		{94B8D0F4-95DC-4800-8C8A-904A4F8F97C0}.DebugEditor|x86.ActiveCfg = DebugEditor|x64
		{94B8D0F4-95DC-4800-8C8A-904A4F8F97C0}.DebugEditor|x86.Build.0 = DebugEditor|x64
		{94B8D0F4-95DC-4800-8C8A-904A4F8F97C0}.Release|x64.ActiveCfg = Release|x64
		{94B8D0F4-95DC-4800-8C8A-904A4F8F97C0}.Release|x64.Build.0 = Release|x64
		{94B8D0F4-95DC-4800-8C8A-904A4F8F97C0}.Release|x86.ActiveCfg = Release|x64
		{94B8D0F4-95DC-4800-8C8A-904A4F8F97C0}.Release|x86.Build.0 = Release|x64
		{94B8D0F4-95DC-4800-8C8A-904A4F8F97C0}.ReleaseEditor|x64.ActiveCfg = ReleaseEditor|x64
		{94B8D0F4-95DC-4800-8C8A-904A4F8F97C0}.ReleaseEditor|x64.Build.0 = ReleaseEditor|x64
		{94B8D0F4-95DC-4800-8C8A-904A4F8F97C0}.ReleaseEditor|x86.ActiveCfg = ReleaseEditor|x64
		{94B8D0F4-95DC-4800-8C8A-904A4F8F97C0}.ReleaseEditor|x86.Build.0 = ReleaseEditor|x64
		{26A6AA71-9CF0-4E3B-BEDD-54A33E01FF7B}.Debug|x64.ActiveCfg = Debug|x64
		{26A6AA71-9CF0-4E3B-BEDD-54A33E01FF7B}.Debug|x64.Build.0 = Debug|x64
		{26A6AA71-9CF0-4E3B-BEDD-54A33E01FF7B}.Debug|x86.ActiveCfg = Debug|Win32
		{26A6AA71-9CF0-4E3B-BEDD-54A33E01FF7B}.Debug|x86.Build.0 = Debug|Win32
		{26A6AA71-9CF0-4E3B-BEDD-54A33E01FF7B}.DebugEditor|x64.ActiveCfg = Debug|x64
		{26A6AA71-9CF0-4E3B-BEDD-54A33E01FF7B}.DebugEditor|x64.Build.0 = Debug|x64
		{26A6AA71-9CF0-4E3B-BEDD-54A33E01FF7B}.DebugEditor|x86.ActiveCfg = Debug|Win32
		{26A6AA71-9CF0-4E3B-BEDD-54A33E01FF7B}.DebugEditor|x86.Build.0 = Debug|Win32
		{26A6AA71-9CF0-4E3B-BEDD-54A33E01FF7B}.Release|x64.ActiveCfg = Release|x64
		{26A6AA71-9CF0-4E3B-BEDD-54A33E01FF7B}.Release|x64.Build.0 = Release|x64
		{26A6AA71-9CF0-4E3B-BEDD-54A33E01FF7B}.Release|x86.ActiveCfg = Release|Win32
		{26A6AA71-9CF0-4E3B-BEDD-54A33E01FF7B}.Release|x86.Build.0 = Release|Win32
		{26A6AA71-9CF0-4E3B-BEDD-54A33E01FF7B}.ReleaseEditor|x64.ActiveCfg = Release|x64
		{26A6AA71-9CF0-4E3B-BEDD-54A33E01FF7B}.ReleaseEditor|x64.Build.0 = Release|x64
		{26A6AA71-9CF0-4E3B-BEDD-54A33E01FF7B}.ReleaseEditor|x86.ActiveCfg = Release|Win32
		{26A6AA71-9CF0-4E3B-BEDD-54A33E01FF7B}.ReleaseEditor|x86.Build.0 = Release|Win32
		{2B0F4984-9797-4348-AFB0-891D35CC600B}.Debug|x64.ActiveCfg = Debug|x64
		{2B0F4984-9797-4348-AFB0-891D35CC600B}.Debug|x64.Build.0 = Debug|x64
		{2B0F4984-9797-4348-AFB0-891D35CC600B}.Debug|x86.ActiveCfg = Debug|x64
		{2B0F4984-9797-4348-AFB0-891D35CC600B}.DebugEditor|x64.ActiveCfg = DebugEditor|x64
		{2B0F4984-9797-4348-AFB0-891D35CC600B}.DebugEditor|x64.Build.0 = DebugEditor|x64
		{2B0F4984-9797-4348-AFB0-891D35CC600B}.DebugEditor|x86.ActiveCfg = Debug|x64
		{2B0F4984-9797-4348-AFB0-891D35CC600B}.Release|x64.ActiveCfg = Release|x64
		{2B0F4984-9797-4348-AFB0-891D35CC600B}.Release|x64.Build.0 = Release|x64
		{2B0F4984-9797-4348-AFB0-891D35CC600B}.Release|x86.ActiveCfg = Release|x64
		{2B0F4984-9797-4348-AFB0-891D35CC600B}.ReleaseEditor|x64.ActiveCfg = ReleaseEditor|x64
		{2B0F4984-9797-4348-AFB0-891D35CC600B}.ReleaseEditor|x64.Build.0 = ReleaseEditor|x64
		{2B0F4984-9797-4348-AFB0-891D35CC600B}.ReleaseEditor|x86.ActiveCfg = Release|x64
	EndGlobalSection
	GlobalSection(SolutionProperties) = preSolution
		HideSolutionNode = FALSE
	EndGlobalSection
	GlobalSection(ExtensibilityGlobals) = postSolution
		SolutionGuid = {F7FCD84D-DF13-4363-8FB6-3FCDFA3A06EE}
	EndGlobalSection
EndGlobal
