
Microsoft Visual Studio Solution File, Format Version 12.00
# Visual Studio Version 18
VisualStudioVersion = 18.3.11429.125
MinimumVisualStudioVersion = 10.0.40219.1
Project("{8BC9CEB8-8B4A-11D0-8D11-00A0C91BC942}") = "Engine", "Engine\Engine.vcxproj", "{20255AED-67F1-4402-8D17-6FD9C4CD5536}"
EndProject
Project("{8BC9CEB8-8B4A-11D0-8D11-00A0C91BC942}") = "EngineDemo", "EngineDemo\EngineDemo.vcxproj", "{94B8D0F4-95DC-4800-8C8A-904A4F8F97C0}"
	ProjectSection(ProjectDependencies) = postProject
		{20255AED-67F1-4402-8D17-6FD9C4CD5536} = {20255AED-67F1-4402-8D17-6FD9C4CD5536}
	EndProjectSection
EndProject
Project("{8BC9CEB8-8B4A-11D0-8D11-00A0C91BC942}") = "EngineExternal", "EngineExternal\EngineExternal.vcxproj", "{45B7ECD7-2114-47A4-87FC-7FA9894B5198}"
EndProject
Project("{8BC9CEB8-8B4A-11D0-8D11-00A0C91BC942}") = "EngineTest", "EngineTest\EngineTest.vcxproj", "{19C00DD1-3662-490B-9FF3-8004DA5EA893}"
EndProject
Project("{2150E333-8FDC-42A3-9474-1A3956D46DE8}") = "Solution Items", "Solution Items", "{278C1A82-B69A-4196-8E3C-42C62BC43A55}"
	ProjectSection(SolutionItems) = preProject
		age.natvis = age.natvis
	EndProjectSection
EndProject
Global
	GlobalSection(SolutionConfigurationPlatforms) = preSolution
		Debug|x64 = Debug|x64
		DebugEditor|x64 = DebugEditor|x64
		Dev|x64 = Dev|x64
		DevEditor|x64 = DevEditor|x64
		Release|x64 = Release|x64
		ReleaseEditor|x64 = ReleaseEditor|x64
	EndGlobalSection
	GlobalSection(ProjectConfigurationPlatforms) = postSolution
		{20255AED-67F1-4402-8D17-6FD9C4CD5536}.Debug|x64.ActiveCfg = Debug|x64
		{20255AED-67F1-4402-8D17-6FD9C4CD5536}.Debug|x64.Build.0 = Debug|x64
		{20255AED-67F1-4402-8D17-6FD9C4CD5536}.DebugEditor|x64.ActiveCfg = DebugEditor|x64
		{20255AED-67F1-4402-8D17-6FD9C4CD5536}.DebugEditor|x64.Build.0 = DebugEditor|x64
		{20255AED-67F1-4402-8D17-6FD9C4CD5536}.Dev|x64.ActiveCfg = Dev|x64
		{20255AED-67F1-4402-8D17-6FD9C4CD5536}.Dev|x64.Build.0 = Dev|x64
		{20255AED-67F1-4402-8D17-6FD9C4CD5536}.DevEditor|x64.ActiveCfg = DevEditor|x64
		{20255AED-67F1-4402-8D17-6FD9C4CD5536}.DevEditor|x64.Build.0 = DevEditor|x64
		{20255AED-67F1-4402-8D17-6FD9C4CD5536}.Release|x64.ActiveCfg = Release|x64
		{20255AED-67F1-4402-8D17-6FD9C4CD5536}.Release|x64.Build.0 = Release|x64
		{20255AED-67F1-4402-8D17-6FD9C4CD5536}.ReleaseEditor|x64.ActiveCfg = ReleaseEditor|x64
		{20255AED-67F1-4402-8D17-6FD9C4CD5536}.ReleaseEditor|x64.Build.0 = ReleaseEditor|x64
		{94B8D0F4-95DC-4800-8C8A-904A4F8F97C0}.Debug|x64.ActiveCfg = Debug|x64
		{94B8D0F4-95DC-4800-8C8A-904A4F8F97C0}.Debug|x64.Build.0 = Debug|x64
		{94B8D0F4-95DC-4800-8C8A-904A4F8F97C0}.DebugEditor|x64.ActiveCfg = DebugEditor|x64
		{94B8D0F4-95DC-4800-8C8A-904A4F8F97C0}.DebugEditor|x64.Build.0 = DebugEditor|x64
		{94B8D0F4-95DC-4800-8C8A-904A4F8F97C0}.Dev|x64.ActiveCfg = Dev|x64
		{94B8D0F4-95DC-4800-8C8A-904A4F8F97C0}.Dev|x64.Build.0 = Dev|x64
		{94B8D0F4-95DC-4800-8C8A-904A4F8F97C0}.DevEditor|x64.ActiveCfg = DevEditor|x64
		{94B8D0F4-95DC-4800-8C8A-904A4F8F97C0}.DevEditor|x64.Build.0 = DevEditor|x64
		{94B8D0F4-95DC-4800-8C8A-904A4F8F97C0}.Release|x64.ActiveCfg = Release|x64
		{94B8D0F4-95DC-4800-8C8A-904A4F8F97C0}.Release|x64.Build.0 = Release|x64
		{94B8D0F4-95DC-4800-8C8A-904A4F8F97C0}.ReleaseEditor|x64.ActiveCfg = ReleaseEditor|x64
		{94B8D0F4-95DC-4800-8C8A-904A4F8F97C0}.ReleaseEditor|x64.Build.0 = ReleaseEditor|x64
		{45B7ECD7-2114-47A4-87FC-7FA9894B5198}.Debug|x64.ActiveCfg = Debug|x64
		{45B7ECD7-2114-47A4-87FC-7FA9894B5198}.Debug|x64.Build.0 = Debug|x64
		{45B7ECD7-2114-47A4-87FC-7FA9894B5198}.DebugEditor|x64.ActiveCfg = Release|x64
		{45B7ECD7-2114-47A4-87FC-7FA9894B5198}.DebugEditor|x64.Build.0 = Release|x64
		{45B7ECD7-2114-47A4-87FC-7FA9894B5198}.Dev|x64.ActiveCfg = Release|x64
		{45B7ECD7-2114-47A4-87FC-7FA9894B5198}.Dev|x64.Build.0 = Release|x64
		{45B7ECD7-2114-47A4-87FC-7FA9894B5198}.DevEditor|x64.ActiveCfg = Release|x64
		{45B7ECD7-2114-47A4-87FC-7FA9894B5198}.DevEditor|x64.Build.0 = Release|x64
		{45B7ECD7-2114-47A4-87FC-7FA9894B5198}.Release|x64.ActiveCfg = Release|x64
		{45B7ECD7-2114-47A4-87FC-7FA9894B5198}.Release|x64.Build.0 = Release|x64
		{45B7ECD7-2114-47A4-87FC-7FA9894B5198}.ReleaseEditor|x64.ActiveCfg = Release|x64
		{45B7ECD7-2114-47A4-87FC-7FA9894B5198}.ReleaseEditor|x64.Build.0 = Release|x64
		{19C00DD1-3662-490B-9FF3-8004DA5EA893}.Debug|x64.ActiveCfg = Debug|x64
		{19C00DD1-3662-490B-9FF3-8004DA5EA893}.Debug|x64.Build.0 = Debug|x64
		{19C00DD1-3662-490B-9FF3-8004DA5EA893}.DebugEditor|x64.ActiveCfg = Debug|x64
		{19C00DD1-3662-490B-9FF3-8004DA5EA893}.DebugEditor|x64.Build.0 = Debug|x64
		{19C00DD1-3662-490B-9FF3-8004DA5EA893}.Dev|x64.ActiveCfg = Release|x64
		{19C00DD1-3662-490B-9FF3-8004DA5EA893}.Dev|x64.Build.0 = Release|x64
		{19C00DD1-3662-490B-9FF3-8004DA5EA893}.DevEditor|x64.ActiveCfg = Release|x64
		{19C00DD1-3662-490B-9FF3-8004DA5EA893}.DevEditor|x64.Build.0 = Release|x64
		{19C00DD1-3662-490B-9FF3-8004DA5EA893}.Release|x64.ActiveCfg = Release|x64
		{19C00DD1-3662-490B-9FF3-8004DA5EA893}.Release|x64.Build.0 = Release|x64
		{19C00DD1-3662-490B-9FF3-8004DA5EA893}.ReleaseEditor|x64.ActiveCfg = Release|x64
		{19C00DD1-3662-490B-9FF3-8004DA5EA893}.ReleaseEditor|x64.Build.0 = Release|x64
	EndGlobalSection
	GlobalSection(SolutionProperties) = preSolution
		HideSolutionNode = FALSE
	EndGlobalSection
	GlobalSection(ExtensibilityGlobals) = postSolution
		SolutionGuid = {F7FCD84D-DF13-4363-8FB6-3FCDFA3A06EE}
	EndGlobalSection
EndGlobal
