<?xml version="1.0" encoding="utf-8"?>
<Project ToolsVersion="4.0" xmlns="http://schemas.microsoft.com/developer/msbuild/2003">
  <ItemGroup>
    <ClInclude Include="age.hpp" />
    <ClInclude Include="age_config.hpp" />
    <ClInclude Include="age_macro.h" />
    <ClInclude Include="age_macro_foreach.h" />
    <ClInclude Include="age_meta.hpp" />
    <ClInclude Include="age_meta_hash.hpp" />
    <ClInclude Include="age_math.hpp" />
    <ClInclude Include="age_ecs_component.hpp" />
    <ClInclude Include="age_ecs_system.hpp" />
    <ClInclude Include="age_meta_compressed_pack.hpp" />
    <ClInclude Include="age_util.hpp" />
    <ClInclude Include="age_ecs_system_exec_inline.hpp" />
    <ClInclude Include="age_ecs_system_ctx.hpp" />
    <ClInclude Include="age_ecs_system_adaptor.hpp" />
    <ClInclude Include="age_ecs_system_pipe.hpp" />
    <ClInclude Include="age_ecs_system_cond.hpp" />
    <ClInclude Include="age_ecs_system_loop.hpp" />
    <ClInclude Include="age_ecs_system_match.hpp" />
    <ClInclude Include="age_data_structure.hpp" />
    <ClInclude Include="age_ecs_entity_block_basic.hpp" />
    <ClInclude Include="age_ecs.hpp" />
    <ClInclude Include="age_util_layout.hpp" />
    <ClInclude Include="age_ecs_entity_storage_basic.hpp" />
    <ClInclude Include="age_literal.hpp" />
    <ClInclude Include="age_external.h" />
    <ClInclude Include="age_ecs_interface.hpp" />
    <ClInclude Include="age_platform.hpp" />
    <ClInclude Include="age_global.hpp" />
    <ClInclude Include="age_runtime.hpp" />
    <ClInclude Include="age_graphics.hpp" />
  </ItemGroup>
  <ItemGroup>
    <ClCompile Include="age_platform_backend_window.cpp" />
    <ClCompile Include="age_runtime.cpp" />
    <ClCompile Include="age_graphics_backend_dx12.cpp" />
  </ItemGroup>
</Project>