<?xml version="1.0" encoding="utf-8"?>
<Project ToolsVersion="4.0" xmlns="http://schemas.microsoft.com/developer/msbuild/2003">
  <ItemGroup>
    <ClInclude Include="age.hpp" />
    <ClInclude Include="age_config.hpp" />
    <ClInclude Include="age_macro.h" />
    <ClInclude Include="age_macro_pp_foreach.h" />
    <ClInclude Include="age_meta.hpp" />
    <ClInclude Include="age_meta_hash.hpp" />
    <ClInclude Include="age_math.hpp" />
    <ClInclude Include="age_ecs_component.hpp" />
    <ClInclude Include="age_ecs_system.hpp" />
    <ClInclude Include="age_meta_compressed_pack.hpp" />
    <ClInclude Include="age_util.hpp" />
    <ClInclude Include="age_ecs_system_exec_inline.hpp" />
    <ClInclude Include="age_ecs_system_ctx.hpp" />
    <ClInclude Include="age_ecs_system_adaptor.hpp" />
    <ClInclude Include="age_ecs_system_pipe.hpp" />
    <ClInclude Include="age_ecs_system_cond.hpp" />
    <ClInclude Include="age_ecs_system_loop.hpp" />
    <ClInclude Include="age_ecs_system_match.hpp" />
    <ClInclude Include="age_data_structure.hpp" />
    <ClInclude Include="age_ecs_entity_block_basic.hpp" />
    <ClInclude Include="age_ecs.hpp" />
    <ClInclude Include="age_util_layout.hpp" />
    <ClInclude Include="age_ecs_entity_storage_basic.hpp" />
    <ClInclude Include="age_literal.hpp" />
    <ClInclude Include="age_external.h" />
    <ClInclude Include="age_ecs_interface.hpp" />
    <ClInclude Include="age_platform.hpp" />
    <ClInclude Include="age_global.hpp" />
    <ClInclude Include="age_runtime.hpp" />
    <ClInclude Include="age_graphics.hpp" />
    <ClInclude Include="age_pch.hpp" />
    <ClInclude Include="age_graphics_backend_dx12.hpp" />
    <ClInclude Include="age_graphics_backend_dx12_root_signature.hpp" />
    <ClInclude Include="age_graphics_backend_dx12_descriptor_pool.hpp" />
    <ClInclude Include="age_subsystem.hpp" />
    <ClInclude Include="age_request.hpp" />
    <ClInclude Include="age_asset.hpp" />
    <ClInclude Include="age_asset_mesh_editable.hpp" />
    <ClInclude Include="age_util_views.hpp" />
    <ClInclude Include="age_math_simd.hpp" />
    <ClInclude Include="age_external_adapter.hpp" />
    <ClInclude Include="age_fwd.hpp" />
    <ClInclude Include="age_asset_mesh_baked.hpp" />
    <ClInclude Include="age_data_structure_vector.hpp" />
    <ClInclude Include="age_data_structure_array.hpp" />
    <ClInclude Include="age_meta_traits.hpp" />
    <ClInclude Include="age_extern_templates.hpp" />
    <ClInclude Include="age_macro_pp.h" />
    <ClInclude Include="age_buffer.hpp" />
    <ClInclude Include="age_asset_types.hpp" />
    <ClInclude Include="age_graphics_backend_dx12_render_pipeline_forward_plus.hpp" />
    <ClInclude Include="age_graphics_backend_dx12_pso.hpp" />
    <ClInclude Include="age_util_string.hpp" />
    <ClInclude Include="age_graphics_backend_dx12_root_signature_binding_slot.hpp" />
    <ClInclude Include="age_graphics_backend_dx12_defaults.hpp" />
    <ClInclude Include="age_util_container.hpp" />
    <ClInclude Include="age_util_offset_allocator.hpp" />
    <ClInclude Include="age_math_transform.hpp" />
    <ClInclude Include="age_graphics_backend_dx12_render_pipeline_forward_plus_types.hpp" />
    <ClInclude Include="age_graphics_backend_dx12_render_pipeline_forward_plus_shared_types.h" />
    <ClInclude Include="age_input.hpp" />
    <ClInclude Include="age_platform_backend_window.hpp" />
  </ItemGroup>
  <ItemGroup>
    <ClCompile Include="age_platform_backend_window.cpp" />
    <ClCompile Include="age_runtime.cpp" />
    <ClCompile Include="age_graphics_backend_dx12.cpp" />
    <ClCompile Include="age_pch.cpp" />
    <ClCompile Include="age_graphics_backend_dx12_resource.cpp" />
    <ClCompile Include="age_graphics_backend_dx12_shader.cpp" />
    <ClCompile Include="age_graphics_backend_dx12_resource_berrier.cpp" />
    <ClCompile Include="age_unity.cpp" />
    <ClCompile Include="age_request.cpp" />
    <ClCompile Include="age_graphics_backend_dx12_render_surface.cpp" />
    <ClCompile Include="age_graphics_backend_dx12_cmd_system.cpp" />
    <ClCompile Include="age_graphics_backend_dx12_util.cpp" />
    <ClCompile Include="age_asset.cpp" />
    <ClCompile Include="age_asset_mesh_editable.cpp" />
    <ClCompile Include="age_asset_mesh_baked.cpp" />
    <ClCompile Include="external\include\mikktspace\mikktspace.c" />
    <ClCompile Include="external\include\meshoptimizer\vfetchoptimizer.cpp" />
    <ClCompile Include="external\include\meshoptimizer\vertexfilter.cpp" />
    <ClCompile Include="external\include\meshoptimizer\vertexcodec.cpp" />
    <ClCompile Include="external\include\meshoptimizer\vcacheoptimizer.cpp" />
    <ClCompile Include="external\include\meshoptimizer\stripifier.cpp" />
    <ClCompile Include="external\include\meshoptimizer\spatialorder.cpp" />
    <ClCompile Include="external\include\meshoptimizer\simplifier.cpp" />
    <ClCompile Include="external\include\meshoptimizer\rasterizer.cpp" />
    <ClCompile Include="external\include\meshoptimizer\quantization.cpp" />
    <ClCompile Include="external\include\meshoptimizer\partition.cpp" />
    <ClCompile Include="external\include\meshoptimizer\overdrawoptimizer.cpp" />
    <ClCompile Include="external\include\meshoptimizer\meshletcodec.cpp" />
    <ClCompile Include="external\include\meshoptimizer\indexgenerator.cpp" />
    <ClCompile Include="external\include\meshoptimizer\indexcodec.cpp" />
    <ClCompile Include="external\include\meshoptimizer\indexanalyzer.cpp" />
    <ClCompile Include="external\include\meshoptimizer\clusterizer.cpp" />
    <ClCompile Include="age_external_wrapper_earcut.cpp" />
    <ClCompile Include="age_external_wrapper_mikktspace.cpp" />
    <ClCompile Include="age_extern_templates.cpp" />
    <ClCompile Include="age_graphics_backend_dx12_render_pipeline_forward_plus.cpp" />
    <ClCompile Include="external\include\meshoptimizer\allocator.cpp" />
    <ClCompile Include="age_input.cpp" />
  </ItemGroup>
  <ItemGroup>
    <FxCompile Include="resources\engine_shaders\dx12\test_ps.hlsl" />
    <FxCompile Include="resources\engine_shaders\dx12\test_vs.hlsl" />
    <FxCompile Include="resources\engine_shaders\dx12\fill_color_ps.hlsl" />
    <FxCompile Include="resources\engine_shaders\dx12\fullscreen_triangle_vs.hlsl" />
    <FxCompile Include="resources\engine_shaders\dx12\fx_present_ps.hlsl" />
    <FxCompile Include="resources\engine_shaders\dx12\forward_plus_opaque_as.hlsl" />
    <FxCompile Include="resources\engine_shaders\dx12\forward_plus_opaque_ms.hlsl" />
    <FxCompile Include="resources\engine_shaders\dx12\forward_plus_common.hlsli" />
    <FxCompile Include="resources\engine_shaders\dx12\forward_plus_opaque_ps.hlsl" />
    <FxCompile Include="resources\engine_shaders\dx12\forward_plus_presentation_ms.hlsl" />
    <FxCompile Include="resources\engine_shaders\dx12\forward_plus_presentation_hdr10_ps.hlsl" />
    <FxCompile Include="resources\engine_shaders\dx12\forward_plus_presentation_sdr_ps.hlsl" />
    <FxCompile Include="resources\engine_shaders\dx12\forward_plus_depth_ms.hlsl" />
    <FxCompile Include="resources\engine_shaders\dx12\forward_plus_light_culling_cs.hlsl" />
  </ItemGroup>
  <ItemGroup>
    <None Include="cpp.hint" />
    <None Include="todo.md" />
  </ItemGroup>
  <ItemGroup>
    <Filter Include="external">
      <UniqueIdentifier>{0ab2aa1f-ff2c-400d-bb1e-3e0ae94b1452}</UniqueIdentifier>
    </Filter>
  </ItemGroup>
</Project>